
Microsoft Visual Studio Solution File, Format Version 12.00
# Visual Studio Version 16
VisualStudioVersion = 16.0.31702.278
MinimumVisualStudioVersion = 10.0.40219.1
Project("{FAE04EC0-301F-11D3-BF4B-00C04F79EFBC}") = "UC5AddMultipleContact", "UC5AddMultipleContact.csproj", "{35D6B713-567A-498B-B7C8-2E79724BABB0}"
EndProject
Global
	GlobalSection(SolutionConfigurationPlatforms) = preSolution
		Debug|Any CPU = Debug|Any CPU
		Release|Any CPU = Release|Any CPU
	EndGlobalSection
	GlobalSection(ProjectConfigurationPlatforms) = postSolution
		{35D6B713-567A-498B-B7C8-2E79724BABB0}.Debug|Any CPU.ActiveCfg = Debug|Any CPU
		{35D6B713-567A-498B-B7C8-2E79724BABB0}.Debug|Any CPU.Build.0 = Debug|Any CPU
		{35D6B713-567A-498B-B7C8-2E79724BABB0}.Release|Any CPU.ActiveCfg = Release|Any CPU
		{35D6B713-567A-498B-B7C8-2E79724BABB0}.Release|Any CPU.Build.0 = Release|Any CPU
	EndGlobalSection
	GlobalSection(SolutionProperties) = preSolution
		HideSolutionNode = FALSE
	EndGlobalSection
	GlobalSection(ExtensibilityGlobals) = postSolution
		SolutionGuid = {907C8152-14BD-4219-A6FF-D9E98AA11D0A}
	EndGlobalSection
EndGlobal
