
Microsoft Visual Studio Solution File, Format Version 12.00
# Visual Studio Version 16
VisualStudioVersion = 16.0.31702.278
MinimumVisualStudioVersion = 10.0.40219.1
Project("{FAE04EC0-301F-11D3-BF4B-00C04F79EFBC}") = "UC3EditContact", "UC3EditContact.csproj", "{1E721AD3-1F8E-4EB8-9316-3199A947729D}"
EndProject
Global
	GlobalSection(SolutionConfigurationPlatforms) = preSolution
		Debug|Any CPU = Debug|Any CPU
		Release|Any CPU = Release|Any CPU
	EndGlobalSection
	GlobalSection(ProjectConfigurationPlatforms) = postSolution
		{1E721AD3-1F8E-4EB8-9316-3199A947729D}.Debug|Any CPU.ActiveCfg = Debug|Any CPU
		{1E721AD3-1F8E-4EB8-9316-3199A947729D}.Debug|Any CPU.Build.0 = Debug|Any CPU
		{1E721AD3-1F8E-4EB8-9316-3199A947729D}.Release|Any CPU.ActiveCfg = Release|Any CPU
		{1E721AD3-1F8E-4EB8-9316-3199A947729D}.Release|Any CPU.Build.0 = Release|Any CPU
	EndGlobalSection
	GlobalSection(SolutionProperties) = preSolution
		HideSolutionNode = FALSE
	EndGlobalSection
	GlobalSection(ExtensibilityGlobals) = postSolution
		SolutionGuid = {555B6EA2-33D2-4452-B2EE-EB1EAB6B9656}
	EndGlobalSection
EndGlobal
